
Microsoft Visual Studio Solution File, Format Version 12.00
# Visual Studio Version 17
VisualStudioVersion = 17.14.36414.22 d17.14
MinimumVisualStudioVersion = 10.0.40219.1
Project("{FAE04EC0-301F-11D3-BF4B-00C04F79EFBC}") = "DataFormatConverter", "DataFormatConverter\DataFormatConverter.csproj", "{39A773C5-EFCB-4B37-AB6B-99A1570D90DE}"
EndProject
Global
	GlobalSection(SolutionConfigurationPlatforms) = preSolution
		Debug|Any CPU = Debug|Any CPU
		Release|Any CPU = Release|Any CPU
	EndGlobalSection
	GlobalSection(ProjectConfigurationPlatforms) = postSolution
		{39A773C5-EFCB-4B37-AB6B-99A1570D90DE}.Debug|Any CPU.ActiveCfg = Debug|Any CPU
		{39A773C5-EFCB-4B37-AB6B-99A1570D90DE}.Debug|Any CPU.Build.0 = Debug|Any CPU
		{39A773C5-EFCB-4B37-AB6B-99A1570D90DE}.Release|Any CPU.ActiveCfg = Release|Any CPU
		{39A773C5-EFCB-4B37-AB6B-99A1570D90DE}.Release|Any CPU.Build.0 = Release|Any CPU
	EndGlobalSection
	GlobalSection(SolutionProperties) = preSolution
		HideSolutionNode = FALSE
	EndGlobalSection
	GlobalSection(ExtensibilityGlobals) = postSolution
		SolutionGuid = {84F556E4-E8EA-423A-9EEA-610A61FEB1B5}
	EndGlobalSection
EndGlobal
